
Microsoft Visual Studio Solution File, Format Version 12.00
# Visual Studio Version 16
VisualStudioVersion = 16.0.30804.86
MinimumVisualStudioVersion = 10.0.40219.1
Project("{FAE04EC0-301F-11D3-BF4B-00C04F79EFBC}") = "Blog.Entities", "Blog.Entities\Blog.Entities.csproj", "{7427A291-5F1A-41A6-AFB3-CF9F7495EB06}"
EndProject
Global
	GlobalSection(SolutionConfigurationPlatforms) = preSolution
		Debug|Any CPU = Debug|Any CPU
		Release|Any CPU = Release|Any CPU
	EndGlobalSection
	GlobalSection(ProjectConfigurationPlatforms) = postSolution
		{7427A291-5F1A-41A6-AFB3-CF9F7495EB06}.Debug|Any CPU.ActiveCfg = Debug|Any CPU
		{7427A291-5F1A-41A6-AFB3-CF9F7495EB06}.Debug|Any CPU.Build.0 = Debug|Any CPU
		{7427A291-5F1A-41A6-AFB3-CF9F7495EB06}.Release|Any CPU.ActiveCfg = Release|Any CPU
		{7427A291-5F1A-41A6-AFB3-CF9F7495EB06}.Release|Any CPU.Build.0 = Release|Any CPU
	EndGlobalSection
	GlobalSection(SolutionProperties) = preSolution
		HideSolutionNode = FALSE
	EndGlobalSection
	GlobalSection(ExtensibilityGlobals) = postSolution
		SolutionGuid = {5C969C9A-4CE2-4C78-AE88-356DF9D66621}
	EndGlobalSection
EndGlobal
